// !$*UTF8*$!
{
	archiveVersion = 1;
	classes = {
	};
	objectVersion = 46;
	objects = {

/* Begin PBXBuildFile section */
		5F3F582A1AACA92E00158656 /* TextTableViewCell.swift in Sources */ = {isa = PBXBuildFile; fileRef = 5F3F58291AACA92E00158656 /* TextTableViewCell.swift */; };
		5F3F582C1AACA93700158656 /* ImageTableViewCell.swift in Sources */ = {isa = PBXBuildFile; fileRef = 5F3F582B1AACA93700158656 /* ImageTableViewCell.swift */; };
		5F5418BC1AAC0AA000429306 /* AppDelegate.swift in Sources */ = {isa = PBXBuildFile; fileRef = 5F5418BB1AAC0AA000429306 /* AppDelegate.swift */; };
		5F5418C11AAC0AA000429306 /* Main.storyboard in Resources */ = {isa = PBXBuildFile; fileRef = 5F5418BF1AAC0AA000429306 /* Main.storyboard */; };
		5F5418C31AAC0AA000429306 /* Images.xcassets in Resources */ = {isa = PBXBuildFile; fileRef = 5F5418C21AAC0AA000429306 /* Images.xcassets */; };
		5F5418C61AAC0AA000429306 /* LaunchScreen.xib in Resources */ = {isa = PBXBuildFile; fileRef = 5F5418C41AAC0AA000429306 /* LaunchScreen.xib */; };
		5F5418D21AAC0AA000429306 /* PostalWatchTests.swift in Sources */ = {isa = PBXBuildFile; fileRef = 5F5418D11AAC0AA000429306 /* PostalWatchTests.swift */; };
		5F5418E71AAC0DDE00429306 /* NotificationController.swift in Sources */ = {isa = PBXBuildFile; fileRef = 5F5418E61AAC0DDE00429306 /* NotificationController.swift */; };
		5F5418E91AAC0DDE00429306 /* Images.xcassets in Resources */ = {isa = PBXBuildFile; fileRef = 5F5418E81AAC0DDE00429306 /* Images.xcassets */; };
		5F5418ED1AAC0DDE00429306 /* PostalWatch WatchKit App.app in Resources */ = {isa = PBXBuildFile; fileRef = 5F5418EC1AAC0DDE00429306 /* PostalWatch WatchKit App.app */; };
		5F5418F51AAC0DDE00429306 /* Interface.storyboard in Resources */ = {isa = PBXBuildFile; fileRef = 5F5418F31AAC0DDE00429306 /* Interface.storyboard */; };
		5F5418F71AAC0DDE00429306 /* Images.xcassets in Resources */ = {isa = PBXBuildFile; fileRef = 5F5418F61AAC0DDE00429306 /* Images.xcassets */; };
		5F5418FA1AAC0DDE00429306 /* PostalWatch WatchKit Extension.appex in Embed App Extensions */ = {isa = PBXBuildFile; fileRef = 5F5418DF1AAC0DDE00429306 /* PostalWatch WatchKit Extension.appex */; settings = {ATTRIBUTES = (RemoveHeadersOnCopy, ); }; };
		5F5419031AAC274600429306 /* SportInterfaceController.swift in Sources */ = {isa = PBXBuildFile; fileRef = 5F5419021AAC274600429306 /* SportInterfaceController.swift */; };
		5F5419051AAC2A3800429306 /* SleepingInterfaceController.swift in Sources */ = {isa = PBXBuildFile; fileRef = 5F5419041AAC2A3800429306 /* SleepingInterfaceController.swift */; };
		5F5419071AAC2A5100429306 /* ReadingInterfaceController.swift in Sources */ = {isa = PBXBuildFile; fileRef = 5F5419061AAC2A5100429306 /* ReadingInterfaceController.swift */; };
		5F54190D1AAC81A400429306 /* TimelineTableViewController.swift in Sources */ = {isa = PBXBuildFile; fileRef = 5F54190C1AAC81A400429306 /* TimelineTableViewController.swift */; };
		5FF820AA1AAD7E3D005E7516 /* DataSet.swift in Sources */ = {isa = PBXBuildFile; fileRef = 5FF820A91AAD7E3D005E7516 /* DataSet.swift */; };
		5FF820AC1AAD7EFE005E7516 /* Timer.swift in Sources */ = {isa = PBXBuildFile; fileRef = 5FF820AB1AAD7EFE005E7516 /* Timer.swift */; };
/* End PBXBuildFile section */

/* Begin PBXContainerItemProxy section */
		5F5418CC1AAC0AA000429306 /* PBXContainerItemProxy */ = {
			isa = PBXContainerItemProxy;
			containerPortal = 5F5418AE1AAC0AA000429306 /* Project object */;
			proxyType = 1;
			remoteGlobalIDString = 5F5418B51AAC0AA000429306;
			remoteInfo = PostalWatch;
		};
		5F5418EE1AAC0DDE00429306 /* PBXContainerItemProxy */ = {
			isa = PBXContainerItemProxy;
			containerPortal = 5F5418AE1AAC0AA000429306 /* Project object */;
			proxyType = 1;
			remoteGlobalIDString = 5F5418EB1AAC0DDE00429306;
			remoteInfo = "PostalWatch WatchKit App";
		};
		5F5418F81AAC0DDE00429306 /* PBXContainerItemProxy */ = {
			isa = PBXContainerItemProxy;
			containerPortal = 5F5418AE1AAC0AA000429306 /* Project object */;
			proxyType = 1;
			remoteGlobalIDString = 5F5418DE1AAC0DDD00429306;
			remoteInfo = "PostalWatch WatchKit Extension";
		};
/* End PBXContainerItemProxy section */

/* Begin PBXCopyFilesBuildPhase section */
		5F5419011AAC0DDE00429306 /* Embed App Extensions */ = {
			isa = PBXCopyFilesBuildPhase;
			buildActionMask = 2147483647;
			dstPath = "";
			dstSubfolderSpec = 13;
			files = (
				5F5418FA1AAC0DDE00429306 /* PostalWatch WatchKit Extension.appex in Embed App Extensions */,
			);
			name = "Embed App Extensions";
			runOnlyForDeploymentPostprocessing = 0;
		};
/* End PBXCopyFilesBuildPhase section */

/* Begin PBXFileReference section */
		5F3F58291AACA92E00158656 /* TextTableViewCell.swift */ = {isa = PBXFileReference; fileEncoding = 4; lastKnownFileType = sourcecode.swift; path = TextTableViewCell.swift; sourceTree = "<group>"; };
		5F3F582B1AACA93700158656 /* ImageTableViewCell.swift */ = {isa = PBXFileReference; fileEncoding = 4; lastKnownFileType = sourcecode.swift; path = ImageTableViewCell.swift; sourceTree = "<group>"; };
		5F5418B61AAC0AA000429306 /* PostalWatch.app */ = {isa = PBXFileReference; explicitFileType = wrapper.application; includeInIndex = 0; path = PostalWatch.app; sourceTree = BUILT_PRODUCTS_DIR; };
		5F5418BA1AAC0AA000429306 /* Info.plist */ = {isa = PBXFileReference; lastKnownFileType = text.plist.xml; path = Info.plist; sourceTree = "<group>"; };
		5F5418BB1AAC0AA000429306 /* AppDelegate.swift */ = {isa = PBXFileReference; lastKnownFileType = sourcecode.swift; path = AppDelegate.swift; sourceTree = "<group>"; };
		5F5418C01AAC0AA000429306 /* Base */ = {isa = PBXFileReference; lastKnownFileType = file.storyboard; name = Base; path = Base.lproj/Main.storyboard; sourceTree = "<group>"; };
		5F5418C21AAC0AA000429306 /* Images.xcassets */ = {isa = PBXFileReference; lastKnownFileType = folder.assetcatalog; path = Images.xcassets; sourceTree = "<group>"; };
		5F5418C51AAC0AA000429306 /* Base */ = {isa = PBXFileReference; lastKnownFileType = file.xib; name = Base; path = Base.lproj/LaunchScreen.xib; sourceTree = "<group>"; };
		5F5418CB1AAC0AA000429306 /* PostalWatchTests.xctest */ = {isa = PBXFileReference; explicitFileType = wrapper.cfbundle; includeInIndex = 0; path = PostalWatchTests.xctest; sourceTree = BUILT_PRODUCTS_DIR; };
		5F5418D01AAC0AA000429306 /* Info.plist */ = {isa = PBXFileReference; lastKnownFileType = text.plist.xml; path = Info.plist; sourceTree = "<group>"; };
		5F5418D11AAC0AA000429306 /* PostalWatchTests.swift */ = {isa = PBXFileReference; lastKnownFileType = sourcecode.swift; path = PostalWatchTests.swift; sourceTree = "<group>"; };
		5F5418DF1AAC0DDE00429306 /* PostalWatch WatchKit Extension.appex */ = {isa = PBXFileReference; explicitFileType = "wrapper.app-extension"; includeInIndex = 0; path = "PostalWatch WatchKit Extension.appex"; sourceTree = BUILT_PRODUCTS_DIR; };
		5F5418E21AAC0DDE00429306 /* Info.plist */ = {isa = PBXFileReference; lastKnownFileType = text.plist.xml; path = Info.plist; sourceTree = "<group>"; };
		5F5418E31AAC0DDE00429306 /* PushNotificationPayload.apns */ = {isa = PBXFileReference; lastKnownFileType = text; path = PushNotificationPayload.apns; sourceTree = "<group>"; };
		5F5418E61AAC0DDE00429306 /* NotificationController.swift */ = {isa = PBXFileReference; lastKnownFileType = sourcecode.swift; path = NotificationController.swift; sourceTree = "<group>"; };
		5F5418E81AAC0DDE00429306 /* Images.xcassets */ = {isa = PBXFileReference; lastKnownFileType = folder.assetcatalog; path = Images.xcassets; sourceTree = "<group>"; };
		5F5418EC1AAC0DDE00429306 /* PostalWatch WatchKit App.app */ = {isa = PBXFileReference; explicitFileType = wrapper.application; includeInIndex = 0; path = "PostalWatch WatchKit App.app"; sourceTree = BUILT_PRODUCTS_DIR; };
		5F5418F21AAC0DDE00429306 /* Info.plist */ = {isa = PBXFileReference; lastKnownFileType = text.plist.xml; path = Info.plist; sourceTree = "<group>"; };
		5F5418F41AAC0DDE00429306 /* Base */ = {isa = PBXFileReference; lastKnownFileType = file.storyboard; name = Base; path = Base.lproj/Interface.storyboard; sourceTree = "<group>"; };
		5F5418F61AAC0DDE00429306 /* Images.xcassets */ = {isa = PBXFileReference; lastKnownFileType = folder.assetcatalog; path = Images.xcassets; sourceTree = "<group>"; };
		5F5419021AAC274600429306 /* SportInterfaceController.swift */ = {isa = PBXFileReference; fileEncoding = 4; lastKnownFileType = sourcecode.swift; path = SportInterfaceController.swift; sourceTree = "<group>"; };
		5F5419041AAC2A3800429306 /* SleepingInterfaceController.swift */ = {isa = PBXFileReference; fileEncoding = 4; lastKnownFileType = sourcecode.swift; path = SleepingInterfaceController.swift; sourceTree = "<group>"; };
		5F5419061AAC2A5100429306 /* ReadingInterfaceController.swift */ = {isa = PBXFileReference; fileEncoding = 4; lastKnownFileType = sourcecode.swift; path = ReadingInterfaceController.swift; sourceTree = "<group>"; };
		5F54190C1AAC81A400429306 /* TimelineTableViewController.swift */ = {isa = PBXFileReference; fileEncoding = 4; lastKnownFileType = sourcecode.swift; path = TimelineTableViewController.swift; sourceTree = "<group>"; };
		5FF820A91AAD7E3D005E7516 /* DataSet.swift */ = {isa = PBXFileReference; fileEncoding = 4; lastKnownFileType = sourcecode.swift; path = DataSet.swift; sourceTree = "<group>"; };
		5FF820AB1AAD7EFE005E7516 /* Timer.swift */ = {isa = PBXFileReference; fileEncoding = 4; lastKnownFileType = sourcecode.swift; path = Timer.swift; sourceTree = "<group>"; };
/* End PBXFileReference section */

/* Begin PBXFrameworksBuildPhase section */
		5F5418B31AAC0AA000429306 /* Frameworks */ = {
			isa = PBXFrameworksBuildPhase;
			buildActionMask = 2147483647;
			files = (
			);
			runOnlyForDeploymentPostprocessing = 0;
		};
		5F5418C81AAC0AA000429306 /* Frameworks */ = {
			isa = PBXFrameworksBuildPhase;
			buildActionMask = 2147483647;
			files = (
			);
			runOnlyForDeploymentPostprocessing = 0;
		};
		5F5418DC1AAC0DDD00429306 /* Frameworks */ = {
			isa = PBXFrameworksBuildPhase;
			buildActionMask = 2147483647;
			files = (
			);
			runOnlyForDeploymentPostprocessing = 0;
		};
/* End PBXFrameworksBuildPhase section */

/* Begin PBXGroup section */
		5F5418AD1AAC0AA000429306 = {
			isa = PBXGroup;
			children = (
				5F5418B81AAC0AA000429306 /* PostalWatch */,
				5F5418CE1AAC0AA000429306 /* PostalWatchTests */,
				5F5418E01AAC0DDE00429306 /* PostalWatch WatchKit Extension */,
				5F5418F01AAC0DDE00429306 /* PostalWatch WatchKit App */,
				5F5418B71AAC0AA000429306 /* Products */,
			);
			sourceTree = "<group>";
		};
		5F5418B71AAC0AA000429306 /* Products */ = {
			isa = PBXGroup;
			children = (
				5F5418B61AAC0AA000429306 /* PostalWatch.app */,
				5F5418CB1AAC0AA000429306 /* PostalWatchTests.xctest */,
				5F5418DF1AAC0DDE00429306 /* PostalWatch WatchKit Extension.appex */,
				5F5418EC1AAC0DDE00429306 /* PostalWatch WatchKit App.app */,
			);
			name = Products;
			sourceTree = "<group>";
		};
		5F5418B81AAC0AA000429306 /* PostalWatch */ = {
			isa = PBXGroup;
			children = (
				5F5418BB1AAC0AA000429306 /* AppDelegate.swift */,
				5F54190C1AAC81A400429306 /* TimelineTableViewController.swift */,
				5F3F58291AACA92E00158656 /* TextTableViewCell.swift */,
				5F3F582B1AACA93700158656 /* ImageTableViewCell.swift */,
				5F5418BF1AAC0AA000429306 /* Main.storyboard */,
				5F5418C21AAC0AA000429306 /* Images.xcassets */,
				5F5418C41AAC0AA000429306 /* LaunchScreen.xib */,
				5F5418B91AAC0AA000429306 /* Supporting Files */,
				5FF820A91AAD7E3D005E7516 /* DataSet.swift */,
			);
			path = PostalWatch;
			sourceTree = "<group>";
		};
		5F5418B91AAC0AA000429306 /* Supporting Files */ = {
			isa = PBXGroup;
			children = (
				5F5418BA1AAC0AA000429306 /* Info.plist */,
			);
			name = "Supporting Files";
			sourceTree = "<group>";
		};
		5F5418CE1AAC0AA000429306 /* PostalWatchTests */ = {
			isa = PBXGroup;
			children = (
				5F5418D11AAC0AA000429306 /* PostalWatchTests.swift */,
				5F5418CF1AAC0AA000429306 /* Supporting Files */,
			);
			path = PostalWatchTests;
			sourceTree = "<group>";
		};
		5F5418CF1AAC0AA000429306 /* Supporting Files */ = {
			isa = PBXGroup;
			children = (
				5F5418D01AAC0AA000429306 /* Info.plist */,
			);
			name = "Supporting Files";
			sourceTree = "<group>";
		};
		5F5418E01AAC0DDE00429306 /* PostalWatch WatchKit Extension */ = {
			isa = PBXGroup;
			children = (
				5F5418E61AAC0DDE00429306 /* NotificationController.swift */,
				5F5418E81AAC0DDE00429306 /* Images.xcassets */,
				5F5418E11AAC0DDE00429306 /* Supporting Files */,
				5F5419021AAC274600429306 /* SportInterfaceController.swift */,
				5F5419041AAC2A3800429306 /* SleepingInterfaceController.swift */,
				5F5419061AAC2A5100429306 /* ReadingInterfaceController.swift */,
				5FF820AB1AAD7EFE005E7516 /* Timer.swift */,
			);
			path = "PostalWatch WatchKit Extension";
			sourceTree = "<group>";
		};
		5F5418E11AAC0DDE00429306 /* Supporting Files */ = {
			isa = PBXGroup;
			children = (
				5F5418E21AAC0DDE00429306 /* Info.plist */,
				5F5418E31AAC0DDE00429306 /* PushNotificationPayload.apns */,
			);
			name = "Supporting Files";
			sourceTree = "<group>";
		};
		5F5418F01AAC0DDE00429306 /* PostalWatch WatchKit App */ = {
			isa = PBXGroup;
			children = (
				5F5418F31AAC0DDE00429306 /* Interface.storyboard */,
				5F5418F61AAC0DDE00429306 /* Images.xcassets */,
				5F5418F11AAC0DDE00429306 /* Supporting Files */,
			);
			path = "PostalWatch WatchKit App";
			sourceTree = "<group>";
		};
		5F5418F11AAC0DDE00429306 /* Supporting Files */ = {
			isa = PBXGroup;
			children = (
				5F5418F21AAC0DDE00429306 /* Info.plist */,
			);
			name = "Supporting Files";
			sourceTree = "<group>";
		};
/* End PBXGroup section */

/* Begin PBXNativeTarget section */
		5F5418B51AAC0AA000429306 /* PostalWatch */ = {
			isa = PBXNativeTarget;
			buildConfigurationList = 5F5418D51AAC0AA000429306 /* Build configuration list for PBXNativeTarget "PostalWatch" */;
			buildPhases = (
				5F5418B21AAC0AA000429306 /* Sources */,
				5F5418B31AAC0AA000429306 /* Frameworks */,
				5F5418B41AAC0AA000429306 /* Resources */,
				5F5419011AAC0DDE00429306 /* Embed App Extensions */,
			);
			buildRules = (
			);
			dependencies = (
				5F5418F91AAC0DDE00429306 /* PBXTargetDependency */,
			);
			name = PostalWatch;
			productName = PostalWatch;
			productReference = 5F5418B61AAC0AA000429306 /* PostalWatch.app */;
			productType = "com.apple.product-type.application";
		};
		5F5418CA1AAC0AA000429306 /* PostalWatchTests */ = {
			isa = PBXNativeTarget;
			buildConfigurationList = 5F5418D81AAC0AA000429306 /* Build configuration list for PBXNativeTarget "PostalWatchTests" */;
			buildPhases = (
				5F5418C71AAC0AA000429306 /* Sources */,
				5F5418C81AAC0AA000429306 /* Frameworks */,
				5F5418C91AAC0AA000429306 /* Resources */,
			);
			buildRules = (
			);
			dependencies = (
				5F5418CD1AAC0AA000429306 /* PBXTargetDependency */,
			);
			name = PostalWatchTests;
			productName = PostalWatchTests;
			productReference = 5F5418CB1AAC0AA000429306 /* PostalWatchTests.xctest */;
			productType = "com.apple.product-type.bundle.unit-test";
		};
		5F5418DE1AAC0DDD00429306 /* PostalWatch WatchKit Extension */ = {
			isa = PBXNativeTarget;
			buildConfigurationList = 5F5418FE1AAC0DDE00429306 /* Build configuration list for PBXNativeTarget "PostalWatch WatchKit Extension" */;
			buildPhases = (
				5F5418DB1AAC0DDD00429306 /* Sources */,
				5F5418DC1AAC0DDD00429306 /* Frameworks */,
				5F5418DD1AAC0DDD00429306 /* Resources */,
			);
			buildRules = (
			);
			dependencies = (
				5F5418EF1AAC0DDE00429306 /* PBXTargetDependency */,
			);
			name = "PostalWatch WatchKit Extension";
			productName = "PostalWatch WatchKit Extension";
			productReference = 5F5418DF1AAC0DDE00429306 /* PostalWatch WatchKit Extension.appex */;
			productType = "com.apple.product-type.watchkit-extension";
		};
		5F5418EB1AAC0DDE00429306 /* PostalWatch WatchKit App */ = {
			isa = PBXNativeTarget;
			buildConfigurationList = 5F5418FB1AAC0DDE00429306 /* Build configuration list for PBXNativeTarget "PostalWatch WatchKit App" */;
			buildPhases = (
				5F5418EA1AAC0DDE00429306 /* Resources */,
			);
			buildRules = (
			);
			dependencies = (
			);
			name = "PostalWatch WatchKit App";
			productName = "PostalWatch WatchKit App";
			productReference = 5F5418EC1AAC0DDE00429306 /* PostalWatch WatchKit App.app */;
			productType = "com.apple.product-type.application.watchapp";
		};
/* End PBXNativeTarget section */

/* Begin PBXProject section */
		5F5418AE1AAC0AA000429306 /* Project object */ = {
			isa = PBXProject;
			attributes = {
				LastUpgradeCheck = 0620;
				ORGANIZATIONNAME = Fudan;
				TargetAttributes = {
					5F5418B51AAC0AA000429306 = {
						CreatedOnToolsVersion = 6.2;
					};
					5F5418CA1AAC0AA000429306 = {
						CreatedOnToolsVersion = 6.2;
						TestTargetID = 5F5418B51AAC0AA000429306;
					};
					5F5418DE1AAC0DDD00429306 = {
						CreatedOnToolsVersion = 6.2;
					};
					5F5418EB1AAC0DDE00429306 = {
						CreatedOnToolsVersion = 6.2;
					};
				};
			};
			buildConfigurationList = 5F5418B11AAC0AA000429306 /* Build configuration list for PBXProject "PostalWatch" */;
			compatibilityVersion = "Xcode 3.2";
			developmentRegion = English;
			hasScannedForEncodings = 0;
			knownRegions = (
				en,
				Base,
			);
			mainGroup = 5F5418AD1AAC0AA000429306;
			productRefGroup = 5F5418B71AAC0AA000429306 /* Products */;
			projectDirPath = "";
			projectRoot = "";
			targets = (
				5F5418B51AAC0AA000429306 /* PostalWatch */,
				5F5418CA1AAC0AA000429306 /* PostalWatchTests */,
				5F5418DE1AAC0DDD00429306 /* PostalWatch WatchKit Extension */,
				5F5418EB1AAC0DDE00429306 /* PostalWatch WatchKit App */,
			);
		};
/* End PBXProject section */

/* Begin PBXResourcesBuildPhase section */
		5F5418B41AAC0AA000429306 /* Resources */ = {
			isa = PBXResourcesBuildPhase;
			buildActionMask = 2147483647;
			files = (
				5F5418C11AAC0AA000429306 /* Main.storyboard in Resources */,
				5F5418C61AAC0AA000429306 /* LaunchScreen.xib in Resources */,
				5F5418C31AAC0AA000429306 /* Images.xcassets in Resources */,
			);
			runOnlyForDeploymentPostprocessing = 0;
		};
		5F5418C91AAC0AA000429306 /* Resources */ = {
			isa = PBXResourcesBuildPhase;
			buildActionMask = 2147483647;
			files = (
			);
			runOnlyForDeploymentPostprocessing = 0;
		};
		5F5418DD1AAC0DDD00429306 /* Resources */ = {
			isa = PBXResourcesBuildPhase;
			buildActionMask = 2147483647;
			files = (
				5F5418E91AAC0DDE00429306 /* Images.xcassets in Resources */,
				5F5418ED1AAC0DDE00429306 /* PostalWatch WatchKit App.app in Resources */,
			);
			runOnlyForDeploymentPostprocessing = 0;
		};
		5F5418EA1AAC0DDE00429306 /* Resources */ = {
			isa = PBXResourcesBuildPhase;
			buildActionMask = 2147483647;
			files = (
				5F5418F51AAC0DDE00429306 /* Interface.storyboard in Resources */,
				5F5418F71AAC0DDE00429306 /* Images.xcassets in Resources */,
			);
			runOnlyForDeploymentPostprocessing = 0;
		};
/* End PBXResourcesBuildPhase section */

/* Begin PBXSourcesBuildPhase section */
		5F5418B21AAC0AA000429306 /* Sources */ = {
			isa = PBXSourcesBuildPhase;
			buildActionMask = 2147483647;
			files = (
				5F54190D1AAC81A400429306 /* TimelineTableViewController.swift in Sources */,
				5FF820AA1AAD7E3D005E7516 /* DataSet.swift in Sources */,
				5F3F582C1AACA93700158656 /* ImageTableViewCell.swift in Sources */,
				5F3F582A1AACA92E00158656 /* TextTableViewCell.swift in Sources */,
				5F5418BC1AAC0AA000429306 /* AppDelegate.swift in Sources */,
			);
			runOnlyForDeploymentPostprocessing = 0;
		};
		5F5418C71AAC0AA000429306 /* Sources */ = {
			isa = PBXSourcesBuildPhase;
			buildActionMask = 2147483647;
			files = (
				5F5418D21AAC0AA000429306 /* PostalWatchTests.swift in Sources */,
			);
			runOnlyForDeploymentPostprocessing = 0;
		};
		5F5418DB1AAC0DDD00429306 /* Sources */ = {
			isa = PBXSourcesBuildPhase;
			buildActionMask = 2147483647;
			files = (
				5F5419051AAC2A3800429306 /* SleepingInterfaceController.swift in Sources */,
				5F5419071AAC2A5100429306 /* ReadingInterfaceController.swift in Sources */,
				5F5418E71AAC0DDE00429306 /* NotificationController.swift in Sources */,
				5FF820AC1AAD7EFE005E7516 /* Timer.swift in Sources */,
				5F5419031AAC274600429306 /* SportInterfaceController.swift in Sources */,
			);
			runOnlyForDeploymentPostprocessing = 0;
		};
/* End PBXSourcesBuildPhase section */

/* Begin PBXTargetDependency section */
		5F5418CD1AAC0AA000429306 /* PBXTargetDependency */ = {
			isa = PBXTargetDependency;
			target = 5F5418B51AAC0AA000429306 /* PostalWatch */;
			targetProxy = 5F5418CC1AAC0AA000429306 /* PBXContainerItemProxy */;
		};
		5F5418EF1AAC0DDE00429306 /* PBXTargetDependency */ = {
			isa = PBXTargetDependency;
			target = 5F5418EB1AAC0DDE00429306 /* PostalWatch WatchKit App */;
			targetProxy = 5F5418EE1AAC0DDE00429306 /* PBXContainerItemProxy */;
		};
		5F5418F91AAC0DDE00429306 /* PBXTargetDependency */ = {
			isa = PBXTargetDependency;
			target = 5F5418DE1AAC0DDD00429306 /* PostalWatch WatchKit Extension */;
			targetProxy = 5F5418F81AAC0DDE00429306 /* PBXContainerItemProxy */;
		};
/* End PBXTargetDependency section */

/* Begin PBXVariantGroup section */
		5F5418BF1AAC0AA000429306 /* Main.storyboard */ = {
			isa = PBXVariantGroup;
			children = (
				5F5418C01AAC0AA000429306 /* Base */,
			);
			name = Main.storyboard;
			sourceTree = "<group>";
		};
		5F5418C41AAC0AA000429306 /* LaunchScreen.xib */ = {
			isa = PBXVariantGroup;
			children = (
				5F5418C51AAC0AA000429306 /* Base */,
			);
			name = LaunchScreen.xib;
			sourceTree = "<group>";
		};
		5F5418F31AAC0DDE00429306 /* Interface.storyboard */ = {
			isa = PBXVariantGroup;
			children = (
				5F5418F41AAC0DDE00429306 /* Base */,
			);
			name = Interface.storyboard;
			sourceTree = "<group>";
		};
/* End PBXVariantGroup section */

/* Begin XCBuildConfiguration section */
		5F5418D31AAC0AA000429306 /* Debug */ = {
			isa = XCBuildConfiguration;
			buildSettings = {
				ALWAYS_SEARCH_USER_PATHS = NO;
				CLANG_CXX_LANGUAGE_STANDARD = "gnu++0x";
				CLANG_CXX_LIBRARY = "libc++";
				CLANG_ENABLE_MODULES = YES;
				CLANG_ENABLE_OBJC_ARC = YES;
				CLANG_WARN_BOOL_CONVERSION = YES;
				CLANG_WARN_CONSTANT_CONVERSION = YES;
				CLANG_WARN_DIRECT_OBJC_ISA_USAGE = YES_ERROR;
				CLANG_WARN_EMPTY_BODY = YES;
				CLANG_WARN_ENUM_CONVERSION = YES;
				CLANG_WARN_INT_CONVERSION = YES;
				CLANG_WARN_OBJC_ROOT_CLASS = YES_ERROR;
				CLANG_WARN_UNREACHABLE_CODE = YES;
				CLANG_WARN__DUPLICATE_METHOD_MATCH = YES;
				"CODE_SIGN_IDENTITY[sdk=iphoneos*]" = "iPhone Developer";
				COPY_PHASE_STRIP = NO;
				ENABLE_STRICT_OBJC_MSGSEND = YES;
				GCC_C_LANGUAGE_STANDARD = gnu99;
				GCC_DYNAMIC_NO_PIC = NO;
				GCC_OPTIMIZATION_LEVEL = 0;
				GCC_PREPROCESSOR_DEFINITIONS = (
					"DEBUG=1",
					"$(inherited)",
				);
				GCC_SYMBOLS_PRIVATE_EXTERN = NO;
				GCC_WARN_64_TO_32_BIT_CONVERSION = YES;
				GCC_WARN_ABOUT_RETURN_TYPE = YES_ERROR;
				GCC_WARN_UNDECLARED_SELECTOR = YES;
				GCC_WARN_UNINITIALIZED_AUTOS = YES_AGGRESSIVE;
				GCC_WARN_UNUSED_FUNCTION = YES;
				GCC_WARN_UNUSED_VARIABLE = YES;
				IPHONEOS_DEPLOYMENT_TARGET = 8.2;
				MTL_ENABLE_DEBUG_INFO = YES;
				ONLY_ACTIVE_ARCH = YES;
				SDKROOT = iphoneos;
				SWIFT_OPTIMIZATION_LEVEL = "-Onone";
			};
			name = Debug;
		};
		5F5418D41AAC0AA000429306 /* Release */ = {
			isa = XCBuildConfiguration;
			buildSettings = {
				ALWAYS_SEARCH_USER_PATHS = NO;
				CLANG_CXX_LANGUAGE_STANDARD = "gnu++0x";
				CLANG_CXX_LIBRARY = "libc++";
				CLANG_ENABLE_MODULES = YES;
				CLANG_ENABLE_OBJC_ARC = YES;
				CLANG_WARN_BOOL_CONVERSION = YES;
				CLANG_WARN_CONSTANT_CONVERSION = YES;
				CLANG_WARN_DIRECT_OBJC_ISA_USAGE = YES_ERROR;
				CLANG_WARN_EMPTY_BODY = YES;
				CLANG_WARN_ENUM_CONVERSION = YES;
				CLANG_WARN_INT_CONVERSION = YES;
				CLANG_WARN_OBJC_ROOT_CLASS = YES_ERROR;
				CLANG_WARN_UNREACHABLE_CODE = YES;
				CLANG_WARN__DUPLICATE_METHOD_MATCH = YES;
				"CODE_SIGN_IDENTITY[sdk=iphoneos*]" = "iPhone Developer";
				COPY_PHASE_STRIP = NO;
				ENABLE_NS_ASSERTIONS = NO;
				ENABLE_STRICT_OBJC_MSGSEND = YES;
				GCC_C_LANGUAGE_STANDARD = gnu99;
				GCC_WARN_64_TO_32_BIT_CONVERSION = YES;
				GCC_WARN_ABOUT_RETURN_TYPE = YES_ERROR;
				GCC_WARN_UNDECLARED_SELECTOR = YES;
				GCC_WARN_UNINITIALIZED_AUTOS = YES_AGGRESSIVE;
				GCC_WARN_UNUSED_FUNCTION = YES;
				GCC_WARN_UNUSED_VARIABLE = YES;
				IPHONEOS_DEPLOYMENT_TARGET = 8.2;
				MTL_ENABLE_DEBUG_INFO = NO;
				SDKROOT = iphoneos;
				VALIDATE_PRODUCT = YES;
			};
			name = Release;
		};
		5F5418D61AAC0AA000429306 /* Debug */ = {
			isa = XCBuildConfiguration;
			buildSettings = {
				ASSETCATALOG_COMPILER_APPICON_NAME = AppIcon;
				EMBEDDED_CONTENT_CONTAINS_SWIFT = YES;
				INFOPLIST_FILE = PostalWatch/Info.plist;
				LD_RUNPATH_SEARCH_PATHS = "$(inherited) @executable_path/Frameworks";
				PRODUCT_NAME = "$(TARGET_NAME)";
			};
			name = Debug;
		};
		5F5418D71AAC0AA000429306 /* Release */ = {
			isa = XCBuildConfiguration;
			buildSettings = {
				ASSETCATALOG_COMPILER_APPICON_NAME = AppIcon;
				EMBEDDED_CONTENT_CONTAINS_SWIFT = YES;
				INFOPLIST_FILE = PostalWatch/Info.plist;
				LD_RUNPATH_SEARCH_PATHS = "$(inherited) @executable_path/Frameworks";
				PRODUCT_NAME = "$(TARGET_NAME)";
			};
			name = Release;
		};
		5F5418D91AAC0AA000429306 /* Debug */ = {
			isa = XCBuildConfiguration;
			buildSettings = {
				BUNDLE_LOADER = "$(TEST_HOST)";
				FRAMEWORK_SEARCH_PATHS = (
					"$(SDKROOT)/Developer/Library/Frameworks",
					"$(inherited)",
				);
				GCC_PREPROCESSOR_DEFINITIONS = (
					"DEBUG=1",
					"$(inherited)",
				);
				INFOPLIST_FILE = PostalWatchTests/Info.plist;
				LD_RUNPATH_SEARCH_PATHS = "$(inherited) @executable_path/Frameworks @loader_path/Frameworks";
				PRODUCT_NAME = "$(TARGET_NAME)";
				TEST_HOST = "$(BUILT_PRODUCTS_DIR)/PostalWatch.app/PostalWatch";
			};
			name = Debug;
		};
		5F5418DA1AAC0AA000429306 /* Release */ = {
			isa = XCBuildConfiguration;
			buildSettings = {
				BUNDLE_LOADER = "$(TEST_HOST)";
				FRAMEWORK_SEARCH_PATHS = (
					"$(SDKROOT)/Developer/Library/Frameworks",
					"$(inherited)",
				);
				INFOPLIST_FILE = PostalWatchTests/Info.plist;
				LD_RUNPATH_SEARCH_PATHS = "$(inherited) @executable_path/Frameworks @loader_path/Frameworks";
				PRODUCT_NAME = "$(TARGET_NAME)";
				TEST_HOST = "$(BUILT_PRODUCTS_DIR)/PostalWatch.app/PostalWatch";
			};
			name = Release;
		};
		5F5418FC1AAC0DDE00429306 /* Debug */ = {
			isa = XCBuildConfiguration;
			buildSettings = {
				ASSETCATALOG_COMPILER_APPICON_NAME = AppIcon;
				GCC_PREPROCESSOR_DEFINITIONS = (
					"DEBUG=1",
					"$(inherited)",
				);
				IBSC_MODULE = PostalWatch_WatchKit_Extension;
				INFOPLIST_FILE = "PostalWatch WatchKit App/Info.plist";
				PRODUCT_NAME = "$(TARGET_NAME)";
				SKIP_INSTALL = YES;
				TARGETED_DEVICE_FAMILY = 4;
				"TARGETED_DEVICE_FAMILY[sdk=iphonesimulator*]" = "1,4";
			};
			name = Debug;
		};
		5F5418FD1AAC0DDE00429306 /* Release */ = {
			isa = XCBuildConfiguration;
			buildSettings = {
				ASSETCATALOG_COMPILER_APPICON_NAME = AppIcon;
				IBSC_MODULE = PostalWatch_WatchKit_Extension;
				INFOPLIST_FILE = "PostalWatch WatchKit App/Info.plist";
				PRODUCT_NAME = "$(TARGET_NAME)";
				SKIP_INSTALL = YES;
				TARGETED_DEVICE_FAMILY = 4;
				"TARGETED_DEVICE_FAMILY[sdk=iphonesimulator*]" = "1,4";
			};
			name = Release;
		};
		5F5418FF1AAC0DDE00429306 /* Debug */ = {
			isa = XCBuildConfiguration;
			buildSettings = {
				GCC_PREPROCESSOR_DEFINITIONS = (
					"DEBUG=1",
					"$(inherited)",
				);
				INFOPLIST_FILE = "PostalWatch WatchKit Extension/Info.plist";
				LD_RUNPATH_SEARCH_PATHS = "$(inherited) @executable_path/Frameworks @executable_path/../../Frameworks";
				PRODUCT_NAME = "${TARGET_NAME}";
				SKIP_INSTALL = YES;
			};
			name = Debug;
		};
		5F5419001AAC0DDE00429306 /* Release */ = {
			isa = XCBuildConfiguration;
			buildSettings = {
				INFOPLIST_FILE = "PostalWatch WatchKit Extension/Info.plist";
				LD_RUNPATH_SEARCH_PATHS = "$(inherited) @executable_path/Frameworks @executable_path/../../Frameworks";
				PRODUCT_NAME = "${TARGET_NAME}";
				SKIP_INSTALL = YES;
			};
			name = Release;
		};
/* End XCBuildConfiguration section */

/* Begin XCConfigurationList section */
		5F5418B11AAC0AA000429306 /* Build configuration list for PBXProject "PostalWatch" */ = {
			isa = XCConfigurationList;
			buildConfigurations = (
				5F5418D31AAC0AA000429306 /* Debug */,
				5F5418D41AAC0AA000429306 /* Release */,
			);
			defaultConfigurationIsVisible = 0;
			defaultConfigurationName = Release;
		};
		5F5418D51AAC0AA000429306 /* Build configuration list for PBXNativeTarget "PostalWatch" */ = {
			isa = XCConfigurationList;
			buildConfigurations = (
				5F5418D61AAC0AA000429306 /* Debug */,
				5F5418D71AAC0AA000429306 /* Release */,
			);
			defaultConfigurationIsVisible = 0;
			defaultConfigurationName = Release;
		};
		5F5418D81AAC0AA000429306 /* Build configuration list for PBXNativeTarget "PostalWatchTests" */ = {
			isa = XCConfigurationList;
			buildConfigurations = (
				5F5418D91AAC0AA000429306 /* Debug */,
				5F5418DA1AAC0AA000429306 /* Release */,
			);
			defaultConfigurationIsVisible = 0;
			defaultConfigurationName = Release;
		};
		5F5418FB1AAC0DDE00429306 /* Build configuration list for PBXNativeTarget "PostalWatch WatchKit App" */ = {
			isa = XCConfigurationList;
			buildConfigurations = (
				5F5418FC1AAC0DDE00429306 /* Debug */,
				5F5418FD1AAC0DDE00429306 /* Release */,
			);
			defaultConfigurationIsVisible = 0;
			defaultConfigurationName = Release;
		};
		5F5418FE1AAC0DDE00429306 /* Build configuration list for PBXNativeTarget "PostalWatch WatchKit Extension" */ = {
			isa = XCConfigurationList;
			buildConfigurations = (
				5F5418FF1AAC0DDE00429306 /* Debug */,
				5F5419001AAC0DDE00429306 /* Release */,
			);
			defaultConfigurationIsVisible = 0;
			defaultConfigurationName = Release;
		};
/* End XCConfigurationList section */
	};
	rootObject = 5F5418AE1AAC0AA000429306 /* Project object */;
}
