// !$*UTF8*$!
{
	archiveVersion = 1;
	classes = {
	};
	objectVersion = 46;
	objects = {

/* Begin PBXBuildFile section */
		5F5418BC1AAC0AA000429306 /* AppDelegate.swift in Sources */ = {isa = PBXBuildFile; fileRef = 5F5418BB1AAC0AA000429306 /* AppDelegate.swift */; };
		5F5418BE1AAC0AA000429306 /* ViewController.swift in Sources */ = {isa = PBXBuildFile; fileRef = 5F5418BD1AAC0AA000429306 /* ViewController.swift */; };
		5F5418C11AAC0AA000429306 /* Main.storyboard in Resources */ = {isa = PBXBuildFile; fileRef = 5F5418BF1AAC0AA000429306 /* Main.storyboard */; };
		5F5418C31AAC0AA000429306 /* Images.xcassets in Resources */ = {isa = PBXBuildFile; fileRef = 5F5418C21AAC0AA000429306 /* Images.xcassets */; };
		5F5418C61AAC0AA000429306 /* LaunchScreen.xib in Resources */ = {isa = PBXBuildFile; fileRef = 5F5418C41AAC0AA000429306 /* LaunchScreen.xib */; };
		5F5418D21AAC0AA000429306 /* PostalWatchTests.swift in Sources */ = {isa = PBXBuildFile; fileRef = 5F5418D11AAC0AA000429306 /* PostalWatchTests.swift */; };
/* End PBXBuildFile section */

/* Begin PBXContainerItemProxy section */
		5F5418CC1AAC0AA000429306 /* PBXContainerItemProxy */ = {
			isa = PBXContainerItemProxy;
			containerPortal = 5F5418AE1AAC0AA000429306 /* Project object */;
			proxyType = 1;
			remoteGlobalIDString = 5F5418B51AAC0AA000429306;
			remoteInfo = PostalWatch;
		};
/* End PBXContainerItemProxy section */

/* Begin PBXFileReference section */
		5F5418B61AAC0AA000429306 /* PostalWatch.app */ = {isa = PBXFileReference; explicitFileType = wrapper.application; includeInIndex = 0; path = PostalWatch.app; sourceTree = BUILT_PRODUCTS_DIR; };
		5F5418BA1AAC0AA000429306 /* Info.plist */ = {isa = PBXFileReference; lastKnownFileType = text.plist.xml; path = Info.plist; sourceTree = "<group>"; };
		5F5418BB1AAC0AA000429306 /* AppDelegate.swift */ = {isa = PBXFileReference; lastKnownFileType = sourcecode.swift; path = AppDelegate.swift; sourceTree = "<group>"; };
		5F5418BD1AAC0AA000429306 /* ViewController.swift */ = {isa = PBXFileReference; lastKnownFileType = sourcecode.swift; path = ViewController.swift; sourceTree = "<group>"; };
		5F5418C01AAC0AA000429306 /* Base */ = {isa = PBXFileReference; lastKnownFileType = file.storyboard; name = Base; path = Base.lproj/Main.storyboard; sourceTree = "<group>"; };
		5F5418C21AAC0AA000429306 /* Images.xcassets */ = {isa = PBXFileReference; lastKnownFileType = folder.assetcatalog; path = Images.xcassets; sourceTree = "<group>"; };
		5F5418C51AAC0AA000429306 /* Base */ = {isa = PBXFileReference; lastKnownFileType = file.xib; name = Base; path = Base.lproj/LaunchScreen.xib; sourceTree = "<group>"; };
		5F5418CB1AAC0AA000429306 /* PostalWatchTests.xctest */ = {isa = PBXFileReference; explicitFileType = wrapper.cfbundle; includeInIndex = 0; path = PostalWatchTests.xctest; sourceTree = BUILT_PRODUCTS_DIR; };
		5F5418D01AAC0AA000429306 /* Info.plist */ = {isa = PBXFileReference; lastKnownFileType = text.plist.xml; path = Info.plist; sourceTree = "<group>"; };
		5F5418D11AAC0AA000429306 /* PostalWatchTests.swift */ = {isa = PBXFileReference; lastKnownFileType = sourcecode.swift; path = PostalWatchTests.swift; sourceTree = "<group>"; };
/* End PBXFileReference section */

/* Begin PBXFrameworksBuildPhase section */
		5F5418B31AAC0AA000429306 /* Frameworks */ = {
			isa = PBXFrameworksBuildPhase;
			buildActionMask = 2147483647;
			files = (
			);
			runOnlyForDeploymentPostprocessing = 0;
		};
		5F5418C81AAC0AA000429306 /* Frameworks */ = {
			isa = PBXFrameworksBuildPhase;
			buildActionMask = 2147483647;
			files = (
			);
			runOnlyForDeploymentPostprocessing = 0;
		};
/* End PBXFrameworksBuildPhase section */

/* Begin PBXGroup section */
		5F5418AD1AAC0AA000429306 = {
			isa = PBXGroup;
			children = (
				5F5418B81AAC0AA000429306 /* PostalWatch */,
				5F5418CE1AAC0AA000429306 /* PostalWatchTests */,
				5F5418B71AAC0AA000429306 /* Products */,
			);
			sourceTree = "<group>";
		};
		5F5418B71AAC0AA000429306 /* Products */ = {
			isa = PBXGroup;
			children = (
				5F5418B61AAC0AA000429306 /* PostalWatch.app */,
				5F5418CB1AAC0AA000429306 /* PostalWatchTests.xctest */,
			);
			name = Products;
			sourceTree = "<group>";
		};
		5F5418B81AAC0AA000429306 /* PostalWatch */ = {
			isa = PBXGroup;
			children = (
				5F5418BB1AAC0AA000429306 /* AppDelegate.swift */,
				5F5418BD1AAC0AA000429306 /* ViewController.swift */,
				5F5418BF1AAC0AA000429306 /* Main.storyboard */,
				5F5418C21AAC0AA000429306 /* Images.xcassets */,
				5F5418C41AAC0AA000429306 /* LaunchScreen.xib */,
				5F5418B91AAC0AA000429306 /* Supporting Files */,
			);
			path = PostalWatch;
			sourceTree = "<group>";
		};
		5F5418B91AAC0AA000429306 /* Supporting Files */ = {
			isa = PBXGroup;
			children = (
				5F5418BA1AAC0AA000429306 /* Info.plist */,
			);
			name = "Supporting Files";
			sourceTree = "<group>";
		};
		5F5418CE1AAC0AA000429306 /* PostalWatchTests */ = {
			isa = PBXGroup;
			children = (
				5F5418D11AAC0AA000429306 /* PostalWatchTests.swift */,
				5F5418CF1AAC0AA000429306 /* Supporting Files */,
			);
			path = PostalWatchTests;
			sourceTree = "<group>";
		};
		5F5418CF1AAC0AA000429306 /* Supporting Files */ = {
			isa = PBXGroup;
			children = (
				5F5418D01AAC0AA000429306 /* Info.plist */,
			);
			name = "Supporting Files";
			sourceTree = "<group>";
		};
/* End PBXGroup section */

/* Begin PBXNativeTarget section */
		5F5418B51AAC0AA000429306 /* PostalWatch */ = {
			isa = PBXNativeTarget;
			buildConfigurationList = 5F5418D51AAC0AA000429306 /* Build configuration list for PBXNativeTarget "PostalWatch" */;
			buildPhases = (
				5F5418B21AAC0AA000429306 /* Sources */,
				5F5418B31AAC0AA000429306 /* Frameworks */,
				5F5418B41AAC0AA000429306 /* Resources */,
			);
			buildRules = (
			);
			dependencies = (
			);
			name = PostalWatch;
			productName = PostalWatch;
			productReference = 5F5418B61AAC0AA000429306 /* PostalWatch.app */;
			productType = "com.apple.product-type.application";
		};
		5F5418CA1AAC0AA000429306 /* PostalWatchTests */ = {
			isa = PBXNativeTarget;
			buildConfigurationList = 5F5418D81AAC0AA000429306 /* Build configuration list for PBXNativeTarget "PostalWatchTests" */;
			buildPhases = (
				5F5418C71AAC0AA000429306 /* Sources */,
				5F5418C81AAC0AA000429306 /* Frameworks */,
				5F5418C91AAC0AA000429306 /* Resources */,
			);
			buildRules = (
			);
			dependencies = (
				5F5418CD1AAC0AA000429306 /* PBXTargetDependency */,
			);
			name = PostalWatchTests;
			productName = PostalWatchTests;
			productReference = 5F5418CB1AAC0AA000429306 /* PostalWatchTests.xctest */;
			productType = "com.apple.product-type.bundle.unit-test";
		};
/* End PBXNativeTarget section */

/* Begin PBXProject section */
		5F5418AE1AAC0AA000429306 /* Project object */ = {
			isa = PBXProject;
			attributes = {
				LastUpgradeCheck = 0620;
				ORGANIZATIONNAME = Fudan;
				TargetAttributes = {
					5F5418B51AAC0AA000429306 = {
						CreatedOnToolsVersion = 6.2;
					};
					5F5418CA1AAC0AA000429306 = {
						CreatedOnToolsVersion = 6.2;
						TestTargetID = 5F5418B51AAC0AA000429306;
					};
				};
			};
			buildConfigurationList = 5F5418B11AAC0AA000429306 /* Build configuration list for PBXProject "PostalWatch" */;
			compatibilityVersion = "Xcode 3.2";
			developmentRegion = English;
			hasScannedForEncodings = 0;
			knownRegions = (
				en,
				Base,
			);
			mainGroup = 5F5418AD1AAC0AA000429306;
			productRefGroup = 5F5418B71AAC0AA000429306 /* Products */;
			projectDirPath = "";
			projectRoot = "";
			targets = (
				5F5418B51AAC0AA000429306 /* PostalWatch */,
				5F5418CA1AAC0AA000429306 /* PostalWatchTests */,
			);
		};
/* End PBXProject section */

/* Begin PBXResourcesBuildPhase section */
		5F5418B41AAC0AA000429306 /* Resources */ = {
			isa = PBXResourcesBuildPhase;
			buildActionMask = 2147483647;
			files = (
				5F5418C11AAC0AA000429306 /* Main.storyboard in Resources */,
				5F5418C61AAC0AA000429306 /* LaunchScreen.xib in Resources */,
				5F5418C31AAC0AA000429306 /* Images.xcassets in Resources */,
			);
			runOnlyForDeploymentPostprocessing = 0;
		};
		5F5418C91AAC0AA000429306 /* Resources */ = {
			isa = PBXResourcesBuildPhase;
			buildActionMask = 2147483647;
			files = (
			);
			runOnlyForDeploymentPostprocessing = 0;
		};
/* End PBXResourcesBuildPhase section */

/* Begin PBXSourcesBuildPhase section */
		5F5418B21AAC0AA000429306 /* Sources */ = {
			isa = PBXSourcesBuildPhase;
			buildActionMask = 2147483647;
			files = (
				5F5418BE1AAC0AA000429306 /* ViewController.swift in Sources */,
				5F5418BC1AAC0AA000429306 /* AppDelegate.swift in Sources */,
			);
			runOnlyForDeploymentPostprocessing = 0;
		};
		5F5418C71AAC0AA000429306 /* Sources */ = {
			isa = PBXSourcesBuildPhase;
			buildActionMask = 2147483647;
			files = (
				5F5418D21AAC0AA000429306 /* PostalWatchTests.swift in Sources */,
			);
			runOnlyForDeploymentPostprocessing = 0;
		};
/* End PBXSourcesBuildPhase section */

/* Begin PBXTargetDependency section */
		5F5418CD1AAC0AA000429306 /* PBXTargetDependency */ = {
			isa = PBXTargetDependency;
			target = 5F5418B51AAC0AA000429306 /* PostalWatch */;
			targetProxy = 5F5418CC1AAC0AA000429306 /* PBXContainerItemProxy */;
		};
/* End PBXTargetDependency section */

/* Begin PBXVariantGroup section */
		5F5418BF1AAC0AA000429306 /* Main.storyboard */ = {
			isa = PBXVariantGroup;
			children = (
				5F5418C01AAC0AA000429306 /* Base */,
			);
			name = Main.storyboard;
			sourceTree = "<group>";
		};
		5F5418C41AAC0AA000429306 /* LaunchScreen.xib */ = {
			isa = PBXVariantGroup;
			children = (
				5F5418C51AAC0AA000429306 /* Base */,
			);
			name = LaunchScreen.xib;
			sourceTree = "<group>";
		};
/* End PBXVariantGroup section */

/* Begin XCBuildConfiguration section */
		5F5418D31AAC0AA000429306 /* Debug */ = {
			isa = XCBuildConfiguration;
			buildSettings = {
				ALWAYS_SEARCH_USER_PATHS = NO;
				CLANG_CXX_LANGUAGE_STANDARD = "gnu++0x";
				CLANG_CXX_LIBRARY = "libc++";
				CLANG_ENABLE_MODULES = YES;
				CLANG_ENABLE_OBJC_ARC = YES;
				CLANG_WARN_BOOL_CONVERSION = YES;
				CLANG_WARN_CONSTANT_CONVERSION = YES;
				CLANG_WARN_DIRECT_OBJC_ISA_USAGE = YES_ERROR;
				CLANG_WARN_EMPTY_BODY = YES;
				CLANG_WARN_ENUM_CONVERSION = YES;
				CLANG_WARN_INT_CONVERSION = YES;
				CLANG_WARN_OBJC_ROOT_CLASS = YES_ERROR;
				CLANG_WARN_UNREACHABLE_CODE = YES;
				CLANG_WARN__DUPLICATE_METHOD_MATCH = YES;
				"CODE_SIGN_IDENTITY[sdk=iphoneos*]" = "iPhone Developer";
				COPY_PHASE_STRIP = NO;
				ENABLE_STRICT_OBJC_MSGSEND = YES;
				GCC_C_LANGUAGE_STANDARD = gnu99;
				GCC_DYNAMIC_NO_PIC = NO;
				GCC_OPTIMIZATION_LEVEL = 0;
				GCC_PREPROCESSOR_DEFINITIONS = (
					"DEBUG=1",
					"$(inherited)",
				);
				GCC_SYMBOLS_PRIVATE_EXTERN = NO;
				GCC_WARN_64_TO_32_BIT_CONVERSION = YES;
				GCC_WARN_ABOUT_RETURN_TYPE = YES_ERROR;
				GCC_WARN_UNDECLARED_SELECTOR = YES;
				GCC_WARN_UNINITIALIZED_AUTOS = YES_AGGRESSIVE;
				GCC_WARN_UNUSED_FUNCTION = YES;
				GCC_WARN_UNUSED_VARIABLE = YES;
				IPHONEOS_DEPLOYMENT_TARGET = 8.2;
				MTL_ENABLE_DEBUG_INFO = YES;
				ONLY_ACTIVE_ARCH = YES;
				SDKROOT = iphoneos;
				SWIFT_OPTIMIZATION_LEVEL = "-Onone";
			};
			name = Debug;
		};
		5F5418D41AAC0AA000429306 /* Release */ = {
			isa = XCBuildConfiguration;
			buildSettings = {
				ALWAYS_SEARCH_USER_PATHS = NO;
				CLANG_CXX_LANGUAGE_STANDARD = "gnu++0x";
				CLANG_CXX_LIBRARY = "libc++";
				CLANG_ENABLE_MODULES = YES;
				CLANG_ENABLE_OBJC_ARC = YES;
				CLANG_WARN_BOOL_CONVERSION = YES;
				CLANG_WARN_CONSTANT_CONVERSION = YES;
				CLANG_WARN_DIRECT_OBJC_ISA_USAGE = YES_ERROR;
				CLANG_WARN_EMPTY_BODY = YES;
				CLANG_WARN_ENUM_CONVERSION = YES;
				CLANG_WARN_INT_CONVERSION = YES;
				CLANG_WARN_OBJC_ROOT_CLASS = YES_ERROR;
				CLANG_WARN_UNREACHABLE_CODE = YES;
				CLANG_WARN__DUPLICATE_METHOD_MATCH = YES;
				"CODE_SIGN_IDENTITY[sdk=iphoneos*]" = "iPhone Developer";
				COPY_PHASE_STRIP = NO;
				ENABLE_NS_ASSERTIONS = NO;
				ENABLE_STRICT_OBJC_MSGSEND = YES;
				GCC_C_LANGUAGE_STANDARD = gnu99;
				GCC_WARN_64_TO_32_BIT_CONVERSION = YES;
				GCC_WARN_ABOUT_RETURN_TYPE = YES_ERROR;
				GCC_WARN_UNDECLARED_SELECTOR = YES;
				GCC_WARN_UNINITIALIZED_AUTOS = YES_AGGRESSIVE;
				GCC_WARN_UNUSED_FUNCTION = YES;
				GCC_WARN_UNUSED_VARIABLE = YES;
				IPHONEOS_DEPLOYMENT_TARGET = 8.2;
				MTL_ENABLE_DEBUG_INFO = NO;
				SDKROOT = iphoneos;
				VALIDATE_PRODUCT = YES;
			};
			name = Release;
		};
		5F5418D61AAC0AA000429306 /* Debug */ = {
			isa = XCBuildConfiguration;
			buildSettings = {
				ASSETCATALOG_COMPILER_APPICON_NAME = AppIcon;
				INFOPLIST_FILE = PostalWatch/Info.plist;
				LD_RUNPATH_SEARCH_PATHS = "$(inherited) @executable_path/Frameworks";
				PRODUCT_NAME = "$(TARGET_NAME)";
			};
			name = Debug;
		};
		5F5418D71AAC0AA000429306 /* Release */ = {
			isa = XCBuildConfiguration;
			buildSettings = {
				ASSETCATALOG_COMPILER_APPICON_NAME = AppIcon;
				INFOPLIST_FILE = PostalWatch/Info.plist;
				LD_RUNPATH_SEARCH_PATHS = "$(inherited) @executable_path/Frameworks";
				PRODUCT_NAME = "$(TARGET_NAME)";
			};
			name = Release;
		};
		5F5418D91AAC0AA000429306 /* Debug */ = {
			isa = XCBuildConfiguration;
			buildSettings = {
				BUNDLE_LOADER = "$(TEST_HOST)";
				FRAMEWORK_SEARCH_PATHS = (
					"$(SDKROOT)/Developer/Library/Frameworks",
					"$(inherited)",
				);
				GCC_PREPROCESSOR_DEFINITIONS = (
					"DEBUG=1",
					"$(inherited)",
				);
				INFOPLIST_FILE = PostalWatchTests/Info.plist;
				LD_RUNPATH_SEARCH_PATHS = "$(inherited) @executable_path/Frameworks @loader_path/Frameworks";
				PRODUCT_NAME = "$(TARGET_NAME)";
				TEST_HOST = "$(BUILT_PRODUCTS_DIR)/PostalWatch.app/PostalWatch";
			};
			name = Debug;
		};
		5F5418DA1AAC0AA000429306 /* Release */ = {
			isa = XCBuildConfiguration;
			buildSettings = {
				BUNDLE_LOADER = "$(TEST_HOST)";
				FRAMEWORK_SEARCH_PATHS = (
					"$(SDKROOT)/Developer/Library/Frameworks",
					"$(inherited)",
				);
				INFOPLIST_FILE = PostalWatchTests/Info.plist;
				LD_RUNPATH_SEARCH_PATHS = "$(inherited) @executable_path/Frameworks @loader_path/Frameworks";
				PRODUCT_NAME = "$(TARGET_NAME)";
				TEST_HOST = "$(BUILT_PRODUCTS_DIR)/PostalWatch.app/PostalWatch";
			};
			name = Release;
		};
/* End XCBuildConfiguration section */

/* Begin XCConfigurationList section */
		5F5418B11AAC0AA000429306 /* Build configuration list for PBXProject "PostalWatch" */ = {
			isa = XCConfigurationList;
			buildConfigurations = (
				5F5418D31AAC0AA000429306 /* Debug */,
				5F5418D41AAC0AA000429306 /* Release */,
			);
			defaultConfigurationIsVisible = 0;
			defaultConfigurationName = Release;
		};
		5F5418D51AAC0AA000429306 /* Build configuration list for PBXNativeTarget "PostalWatch" */ = {
			isa = XCConfigurationList;
			buildConfigurations = (
				5F5418D61AAC0AA000429306 /* Debug */,
				5F5418D71AAC0AA000429306 /* Release */,
			);
			defaultConfigurationIsVisible = 0;
		};
		5F5418D81AAC0AA000429306 /* Build configuration list for PBXNativeTarget "PostalWatchTests" */ = {
			isa = XCConfigurationList;
			buildConfigurations = (
				5F5418D91AAC0AA000429306 /* Debug */,
				5F5418DA1AAC0AA000429306 /* Release */,
			);
			defaultConfigurationIsVisible = 0;
		};
/* End XCConfigurationList section */
	};
	rootObject = 5F5418AE1AAC0AA000429306 /* Project object */;
}
